
Microsoft Visual Studio Solution File, Format Version 12.00
# Visual Studio Version 17
VisualStudioVersion = 17.2.32630.192
MinimumVisualStudioVersion = 10.0.40219.1
Project("{FAE04EC0-301F-11D3-BF4B-00C04F79EFBC}") = "ReferenceAndValueObjects", "ReferenceAndValueObjects\ReferenceAndValueObjects.csproj", "{5170C67B-845F-4AF7-97E2-DF54B1A8DCF4}"
EndProject
Global
	GlobalSection(SolutionConfigurationPlatforms) = preSolution
		Debug|Any CPU = Debug|Any CPU
		Release|Any CPU = Release|Any CPU
	EndGlobalSection
	GlobalSection(ProjectConfigurationPlatforms) = postSolution
		{5170C67B-845F-4AF7-97E2-DF54B1A8DCF4}.Debug|Any CPU.ActiveCfg = Debug|Any CPU
		{5170C67B-845F-4AF7-97E2-DF54B1A8DCF4}.Debug|Any CPU.Build.0 = Debug|Any CPU
		{5170C67B-845F-4AF7-97E2-DF54B1A8DCF4}.Release|Any CPU.ActiveCfg = Release|Any CPU
		{5170C67B-845F-4AF7-97E2-DF54B1A8DCF4}.Release|Any CPU.Build.0 = Release|Any CPU
	EndGlobalSection
	GlobalSection(SolutionProperties) = preSolution
		HideSolutionNode = FALSE
	EndGlobalSection
	GlobalSection(ExtensibilityGlobals) = postSolution
		SolutionGuid = {0E9895F2-32C4-4C29-8822-60BF3273504F}
	EndGlobalSection
EndGlobal
