
Microsoft Visual Studio Solution File, Format Version 12.00
# Visual Studio Version 17
VisualStudioVersion = 17.2.32630.192
MinimumVisualStudioVersion = 10.0.40219.1
Project("{FAE04EC0-301F-11D3-BF4B-00C04F79EFBC}") = "ActionAndFunctionDelegates", "ActionAndFunctionDelegates\ActionAndFunctionDelegates.csproj", "{623F6A81-875C-4FB8-9161-BD4E08A23F70}"
EndProject
Global
	GlobalSection(SolutionConfigurationPlatforms) = preSolution
		Debug|Any CPU = Debug|Any CPU
		Release|Any CPU = Release|Any CPU
	EndGlobalSection
	GlobalSection(ProjectConfigurationPlatforms) = postSolution
		{623F6A81-875C-4FB8-9161-BD4E08A23F70}.Debug|Any CPU.ActiveCfg = Debug|Any CPU
		{623F6A81-875C-4FB8-9161-BD4E08A23F70}.Debug|Any CPU.Build.0 = Debug|Any CPU
		{623F6A81-875C-4FB8-9161-BD4E08A23F70}.Release|Any CPU.ActiveCfg = Release|Any CPU
		{623F6A81-875C-4FB8-9161-BD4E08A23F70}.Release|Any CPU.Build.0 = Release|Any CPU
	EndGlobalSection
	GlobalSection(SolutionProperties) = preSolution
		HideSolutionNode = FALSE
	EndGlobalSection
	GlobalSection(ExtensibilityGlobals) = postSolution
		SolutionGuid = {140897E2-4B17-4986-B16E-6AB97DF5E67B}
	EndGlobalSection
EndGlobal
