
Microsoft Visual Studio Solution File, Format Version 12.00
# Visual Studio Version 17
VisualStudioVersion = 17.3.32819.101
MinimumVisualStudioVersion = 10.0.40219.1
Project("{FAE04EC0-301F-11D3-BF4B-00C04F79EFBC}") = "TypesofClassConsole", "TypesofClassConsole\TypesofClassConsole.csproj", "{0574BDFC-5AD9-4C30-8AFB-F4790671FB57}"
EndProject
Global
	GlobalSection(SolutionConfigurationPlatforms) = preSolution
		Debug|Any CPU = Debug|Any CPU
		Release|Any CPU = Release|Any CPU
	EndGlobalSection
	GlobalSection(ProjectConfigurationPlatforms) = postSolution
		{0574BDFC-5AD9-4C30-8AFB-F4790671FB57}.Debug|Any CPU.ActiveCfg = Debug|Any CPU
		{0574BDFC-5AD9-4C30-8AFB-F4790671FB57}.Debug|Any CPU.Build.0 = Debug|Any CPU
		{0574BDFC-5AD9-4C30-8AFB-F4790671FB57}.Release|Any CPU.ActiveCfg = Release|Any CPU
		{0574BDFC-5AD9-4C30-8AFB-F4790671FB57}.Release|Any CPU.Build.0 = Release|Any CPU
	EndGlobalSection
	GlobalSection(SolutionProperties) = preSolution
		HideSolutionNode = FALSE
	EndGlobalSection
	GlobalSection(ExtensibilityGlobals) = postSolution
		SolutionGuid = {C7DACA2A-B351-4B1F-B71C-384A2997AF1C}
	EndGlobalSection
EndGlobal
