
Microsoft Visual Studio Solution File, Format Version 12.00
# Visual Studio Version 17
VisualStudioVersion = 17.3.32819.101
MinimumVisualStudioVersion = 10.0.40219.1
Project("{FAE04EC0-301F-11D3-BF4B-00C04F79EFBC}") = "TypeOfClassesGUI", "TypeOfClassesGUI\TypeOfClassesGUI.csproj", "{32570785-BCA6-4127-BE87-7C261A1E982B}"
EndProject
Global
	GlobalSection(SolutionConfigurationPlatforms) = preSolution
		Debug|Any CPU = Debug|Any CPU
		Release|Any CPU = Release|Any CPU
	EndGlobalSection
	GlobalSection(ProjectConfigurationPlatforms) = postSolution
		{32570785-BCA6-4127-BE87-7C261A1E982B}.Debug|Any CPU.ActiveCfg = Debug|Any CPU
		{32570785-BCA6-4127-BE87-7C261A1E982B}.Debug|Any CPU.Build.0 = Debug|Any CPU
		{32570785-BCA6-4127-BE87-7C261A1E982B}.Release|Any CPU.ActiveCfg = Release|Any CPU
		{32570785-BCA6-4127-BE87-7C261A1E982B}.Release|Any CPU.Build.0 = Release|Any CPU
	EndGlobalSection
	GlobalSection(SolutionProperties) = preSolution
		HideSolutionNode = FALSE
	EndGlobalSection
	GlobalSection(ExtensibilityGlobals) = postSolution
		SolutionGuid = {A888B492-D9F4-45DC-A4C2-8A1E2479D970}
	EndGlobalSection
EndGlobal
