
Microsoft Visual Studio Solution File, Format Version 12.00
# Visual Studio Version 17
VisualStudioVersion = 17.2.32630.192
MinimumVisualStudioVersion = 10.0.40219.1
Project("{FAE04EC0-301F-11D3-BF4B-00C04F79EFBC}") = "NimmalaWeek6", "NimmalaWeek6\NimmalaWeek6.csproj", "{DDF4521D-970C-454A-A46F-228849700C0A}"
EndProject
Global
	GlobalSection(SolutionConfigurationPlatforms) = preSolution
		Debug|Any CPU = Debug|Any CPU
		Release|Any CPU = Release|Any CPU
	EndGlobalSection
	GlobalSection(ProjectConfigurationPlatforms) = postSolution
		{DDF4521D-970C-454A-A46F-228849700C0A}.Debug|Any CPU.ActiveCfg = Debug|Any CPU
		{DDF4521D-970C-454A-A46F-228849700C0A}.Debug|Any CPU.Build.0 = Debug|Any CPU
		{DDF4521D-970C-454A-A46F-228849700C0A}.Release|Any CPU.ActiveCfg = Release|Any CPU
		{DDF4521D-970C-454A-A46F-228849700C0A}.Release|Any CPU.Build.0 = Release|Any CPU
	EndGlobalSection
	GlobalSection(SolutionProperties) = preSolution
		HideSolutionNode = FALSE
	EndGlobalSection
	GlobalSection(ExtensibilityGlobals) = postSolution
		SolutionGuid = {5E5027B0-8F96-4ADE-9652-9F7E466DD218}
	EndGlobalSection
EndGlobal
