
Microsoft Visual Studio Solution File, Format Version 12.00
# Visual Studio Version 17
VisualStudioVersion = 17.2.32630.192
MinimumVisualStudioVersion = 10.0.40219.1
Project("{FAE04EC0-301F-11D3-BF4B-00C04F79EFBC}") = "Polymorphism", "Polymorphism\Polymorphism.csproj", "{B0145159-040D-4072-BDBD-C4B34686BBDA}"
EndProject
Global
	GlobalSection(SolutionConfigurationPlatforms) = preSolution
		Debug|Any CPU = Debug|Any CPU
		Release|Any CPU = Release|Any CPU
	EndGlobalSection
	GlobalSection(ProjectConfigurationPlatforms) = postSolution
		{B0145159-040D-4072-BDBD-C4B34686BBDA}.Debug|Any CPU.ActiveCfg = Debug|Any CPU
		{B0145159-040D-4072-BDBD-C4B34686BBDA}.Debug|Any CPU.Build.0 = Debug|Any CPU
		{B0145159-040D-4072-BDBD-C4B34686BBDA}.Release|Any CPU.ActiveCfg = Release|Any CPU
		{B0145159-040D-4072-BDBD-C4B34686BBDA}.Release|Any CPU.Build.0 = Release|Any CPU
	EndGlobalSection
	GlobalSection(SolutionProperties) = preSolution
		HideSolutionNode = FALSE
	EndGlobalSection
	GlobalSection(ExtensibilityGlobals) = postSolution
		SolutionGuid = {4ED6A108-6CEF-4A75-8D65-DA33A1538DE3}
	EndGlobalSection
EndGlobal
