
Microsoft Visual Studio Solution File, Format Version 12.00
# Visual Studio Version 17
VisualStudioVersion = 17.2.32630.192
MinimumVisualStudioVersion = 10.0.40219.1
Project("{FAE04EC0-301F-11D3-BF4B-00C04F79EFBC}") = "NimmalaWeek9", "NimmalaWeek9\NimmalaWeek9.csproj", "{3E0A3679-CAA8-44A0-9A1C-E543650FAB82}"
EndProject
Global
	GlobalSection(SolutionConfigurationPlatforms) = preSolution
		Debug|Any CPU = Debug|Any CPU
		Release|Any CPU = Release|Any CPU
	EndGlobalSection
	GlobalSection(ProjectConfigurationPlatforms) = postSolution
		{3E0A3679-CAA8-44A0-9A1C-E543650FAB82}.Debug|Any CPU.ActiveCfg = Debug|Any CPU
		{3E0A3679-CAA8-44A0-9A1C-E543650FAB82}.Debug|Any CPU.Build.0 = Debug|Any CPU
		{3E0A3679-CAA8-44A0-9A1C-E543650FAB82}.Release|Any CPU.ActiveCfg = Release|Any CPU
		{3E0A3679-CAA8-44A0-9A1C-E543650FAB82}.Release|Any CPU.Build.0 = Release|Any CPU
	EndGlobalSection
	GlobalSection(SolutionProperties) = preSolution
		HideSolutionNode = FALSE
	EndGlobalSection
	GlobalSection(ExtensibilityGlobals) = postSolution
		SolutionGuid = {29DAB690-B938-48C4-AFB9-DB9733A25384}
	EndGlobalSection
EndGlobal
