
Microsoft Visual Studio Solution File, Format Version 12.00
# Visual Studio Version 17
VisualStudioVersion = 17.2.32630.192
MinimumVisualStudioVersion = 10.0.40219.1
Project("{FAE04EC0-301F-11D3-BF4B-00C04F79EFBC}") = "LinkedListGeneric", "LinkedListGeneric\LinkedListGeneric.csproj", "{3C866F9A-3A9C-4D78-BAAF-7EAC9A672013}"
EndProject
Global
	GlobalSection(SolutionConfigurationPlatforms) = preSolution
		Debug|Any CPU = Debug|Any CPU
		Release|Any CPU = Release|Any CPU
	EndGlobalSection
	GlobalSection(ProjectConfigurationPlatforms) = postSolution
		{3C866F9A-3A9C-4D78-BAAF-7EAC9A672013}.Debug|Any CPU.ActiveCfg = Debug|Any CPU
		{3C866F9A-3A9C-4D78-BAAF-7EAC9A672013}.Debug|Any CPU.Build.0 = Debug|Any CPU
		{3C866F9A-3A9C-4D78-BAAF-7EAC9A672013}.Release|Any CPU.ActiveCfg = Release|Any CPU
		{3C866F9A-3A9C-4D78-BAAF-7EAC9A672013}.Release|Any CPU.Build.0 = Release|Any CPU
	EndGlobalSection
	GlobalSection(SolutionProperties) = preSolution
		HideSolutionNode = FALSE
	EndGlobalSection
	GlobalSection(ExtensibilityGlobals) = postSolution
		SolutionGuid = {27B2253E-86E0-4201-8B5D-1B28214DAFAF}
	EndGlobalSection
EndGlobal
